// !$*UTF8*$!
{
	archiveVersion = 1;
	classes = {
	};
	objectVersion = 50;
	objects = {

/* Begin PBXBuildFile section */
		FE580461244C1F320060047D /* AppDelegate.swift in Sources */ = {isa = PBXBuildFile; fileRef = FE580460244C1F320060047D /* AppDelegate.swift */; };
		FE580463244C1F320060047D /* SceneDelegate.swift in Sources */ = {isa = PBXBuildFile; fileRef = FE580462244C1F320060047D /* SceneDelegate.swift */; };
		FE580465244C1F320060047D /* ContentView.swift in Sources */ = {isa = PBXBuildFile; fileRef = FE580464244C1F320060047D /* ContentView.swift */; };
		FE580467244C1F350060047D /* Assets.xcassets in Resources */ = {isa = PBXBuildFile; fileRef = FE580466244C1F350060047D /* Assets.xcassets */; };
		FE58046A244C1F350060047D /* Preview Assets.xcassets in Resources */ = {isa = PBXBuildFile; fileRef = FE580469244C1F350060047D /* Preview Assets.xcassets */; };
		FE58046D244C1F350060047D /* LaunchScreen.storyboard in Resources */ = {isa = PBXBuildFile; fileRef = FE58046B244C1F350060047D /* LaunchScreen.storyboard */; };
		FE580478244C1F350060047D /* DictionaryTests.swift in Sources */ = {isa = PBXBuildFile; fileRef = FE580477244C1F350060047D /* DictionaryTests.swift */; };
		FE580483244C1F350060047D /* DictionaryUITests.swift in Sources */ = {isa = PBXBuildFile; fileRef = FE580482244C1F350060047D /* DictionaryUITests.swift */; };
/* End PBXBuildFile section */

/* Begin PBXContainerItemProxy section */
		FE580474244C1F350060047D /* PBXContainerItemProxy */ = {
			isa = PBXContainerItemProxy;
			containerPortal = FE580455244C1F320060047D /* Project object */;
			proxyType = 1;
			remoteGlobalIDString = FE58045C244C1F320060047D;
			remoteInfo = Dictionary;
		};
		FE58047F244C1F350060047D /* PBXContainerItemProxy */ = {
			isa = PBXContainerItemProxy;
			containerPortal = FE580455244C1F320060047D /* Project object */;
			proxyType = 1;
			remoteGlobalIDString = FE58045C244C1F320060047D;
			remoteInfo = Dictionary;
		};
/* End PBXContainerItemProxy section */

/* Begin PBXFileReference section */
		FE58045D244C1F320060047D /* Dictionary.app */ = {isa = PBXFileReference; explicitFileType = wrapper.application; includeInIndex = 0; path = Dictionary.app; sourceTree = BUILT_PRODUCTS_DIR; };
		FE580460244C1F320060047D /* AppDelegate.swift */ = {isa = PBXFileReference; lastKnownFileType = sourcecode.swift; path = AppDelegate.swift; sourceTree = "<group>"; };
		FE580462244C1F320060047D /* SceneDelegate.swift */ = {isa = PBXFileReference; lastKnownFileType = sourcecode.swift; path = SceneDelegate.swift; sourceTree = "<group>"; };
		FE580464244C1F320060047D /* ContentView.swift */ = {isa = PBXFileReference; lastKnownFileType = sourcecode.swift; path = ContentView.swift; sourceTree = "<group>"; };
		FE580466244C1F350060047D /* Assets.xcassets */ = {isa = PBXFileReference; lastKnownFileType = folder.assetcatalog; path = Assets.xcassets; sourceTree = "<group>"; };
		FE580469244C1F350060047D /* Preview Assets.xcassets */ = {isa = PBXFileReference; lastKnownFileType = folder.assetcatalog; path = "Preview Assets.xcassets"; sourceTree = "<group>"; };
		FE58046C244C1F350060047D /* Base */ = {isa = PBXFileReference; lastKnownFileType = file.storyboard; name = Base; path = Base.lproj/LaunchScreen.storyboard; sourceTree = "<group>"; };
		FE58046E244C1F350060047D /* Info.plist */ = {isa = PBXFileReference; lastKnownFileType = text.plist.xml; path = Info.plist; sourceTree = "<group>"; };
		FE580473244C1F350060047D /* DictionaryTests.xctest */ = {isa = PBXFileReference; explicitFileType = wrapper.cfbundle; includeInIndex = 0; path = DictionaryTests.xctest; sourceTree = BUILT_PRODUCTS_DIR; };
		FE580477244C1F350060047D /* DictionaryTests.swift */ = {isa = PBXFileReference; lastKnownFileType = sourcecode.swift; path = DictionaryTests.swift; sourceTree = "<group>"; };
		FE580479244C1F350060047D /* Info.plist */ = {isa = PBXFileReference; lastKnownFileType = text.plist.xml; path = Info.plist; sourceTree = "<group>"; };
		FE58047E244C1F350060047D /* DictionaryUITests.xctest */ = {isa = PBXFileReference; explicitFileType = wrapper.cfbundle; includeInIndex = 0; path = DictionaryUITests.xctest; sourceTree = BUILT_PRODUCTS_DIR; };
		FE580482244C1F350060047D /* DictionaryUITests.swift */ = {isa = PBXFileReference; lastKnownFileType = sourcecode.swift; path = DictionaryUITests.swift; sourceTree = "<group>"; };
		FE580484244C1F350060047D /* Info.plist */ = {isa = PBXFileReference; lastKnownFileType = text.plist.xml; path = Info.plist; sourceTree = "<group>"; };
/* End PBXFileReference section */

/* Begin PBXFrameworksBuildPhase section */
		FE58045A244C1F320060047D /* Frameworks */ = {
			isa = PBXFrameworksBuildPhase;
			buildActionMask = 2147483647;
			files = (
			);
			runOnlyForDeploymentPostprocessing = 0;
		};
		FE580470244C1F350060047D /* Frameworks */ = {
			isa = PBXFrameworksBuildPhase;
			buildActionMask = 2147483647;
			files = (
			);
			runOnlyForDeploymentPostprocessing = 0;
		};
		FE58047B244C1F350060047D /* Frameworks */ = {
			isa = PBXFrameworksBuildPhase;
			buildActionMask = 2147483647;
			files = (
			);
			runOnlyForDeploymentPostprocessing = 0;
		};
/* End PBXFrameworksBuildPhase section */

/* Begin PBXGroup section */
		FE580454244C1F320060047D = {
			isa = PBXGroup;
			children = (
				FE58045F244C1F320060047D /* Dictionary */,
				FE580476244C1F350060047D /* DictionaryTests */,
				FE580481244C1F350060047D /* DictionaryUITests */,
				FE58045E244C1F320060047D /* Products */,
			);
			sourceTree = "<group>";
		};
		FE58045E244C1F320060047D /* Products */ = {
			isa = PBXGroup;
			children = (
				FE58045D244C1F320060047D /* Dictionary.app */,
				FE580473244C1F350060047D /* DictionaryTests.xctest */,
				FE58047E244C1F350060047D /* DictionaryUITests.xctest */,
			);
			name = Products;
			sourceTree = "<group>";
		};
		FE58045F244C1F320060047D /* Dictionary */ = {
			isa = PBXGroup;
			children = (
				FE580460244C1F320060047D /* AppDelegate.swift */,
				FE580462244C1F320060047D /* SceneDelegate.swift */,
				FE580464244C1F320060047D /* ContentView.swift */,
				FE580466244C1F350060047D /* Assets.xcassets */,
				FE58046B244C1F350060047D /* LaunchScreen.storyboard */,
				FE58046E244C1F350060047D /* Info.plist */,
				FE580468244C1F350060047D /* Preview Content */,
			);
			path = Dictionary;
			sourceTree = "<group>";
		};
		FE580468244C1F350060047D /* Preview Content */ = {
			isa = PBXGroup;
			children = (
				FE580469244C1F350060047D /* Preview Assets.xcassets */,
			);
			path = "Preview Content";
			sourceTree = "<group>";
		};
		FE580476244C1F350060047D /* DictionaryTests */ = {
			isa = PBXGroup;
			children = (
				FE580477244C1F350060047D /* DictionaryTests.swift */,
				FE580479244C1F350060047D /* Info.plist */,
			);
			path = DictionaryTests;
			sourceTree = "<group>";
		};
		FE580481244C1F350060047D /* DictionaryUITests */ = {
			isa = PBXGroup;
			children = (
				FE580482244C1F350060047D /* DictionaryUITests.swift */,
				FE580484244C1F350060047D /* Info.plist */,
			);
			path = DictionaryUITests;
			sourceTree = "<group>";
		};
/* End PBXGroup section */

/* Begin PBXNativeTarget section */
		FE58045C244C1F320060047D /* Dictionary */ = {
			isa = PBXNativeTarget;
			buildConfigurationList = FE580487244C1F350060047D /* Build configuration list for PBXNativeTarget "Dictionary" */;
			buildPhases = (
				FE580459244C1F320060047D /* Sources */,
				FE58045A244C1F320060047D /* Frameworks */,
				FE58045B244C1F320060047D /* Resources */,
			);
			buildRules = (
			);
			dependencies = (
			);
			name = Dictionary;
			productName = Dictionary;
			productReference = FE58045D244C1F320060047D /* Dictionary.app */;
			productType = "com.apple.product-type.application";
		};
		FE580472244C1F350060047D /* DictionaryTests */ = {
			isa = PBXNativeTarget;
			buildConfigurationList = FE58048A244C1F350060047D /* Build configuration list for PBXNativeTarget "DictionaryTests" */;
			buildPhases = (
				FE58046F244C1F350060047D /* Sources */,
				FE580470244C1F350060047D /* Frameworks */,
				FE580471244C1F350060047D /* Resources */,
			);
			buildRules = (
			);
			dependencies = (
				FE580475244C1F350060047D /* PBXTargetDependency */,
			);
			name = DictionaryTests;
			productName = DictionaryTests;
			productReference = FE580473244C1F350060047D /* DictionaryTests.xctest */;
			productType = "com.apple.product-type.bundle.unit-test";
		};
		FE58047D244C1F350060047D /* DictionaryUITests */ = {
			isa = PBXNativeTarget;
			buildConfigurationList = FE58048D244C1F350060047D /* Build configuration list for PBXNativeTarget "DictionaryUITests" */;
			buildPhases = (
				FE58047A244C1F350060047D /* Sources */,
				FE58047B244C1F350060047D /* Frameworks */,
				FE58047C244C1F350060047D /* Resources */,
			);
			buildRules = (
			);
			dependencies = (
				FE580480244C1F350060047D /* PBXTargetDependency */,
			);
			name = DictionaryUITests;
			productName = DictionaryUITests;
			productReference = FE58047E244C1F350060047D /* DictionaryUITests.xctest */;
			productType = "com.apple.product-type.bundle.ui-testing";
		};
/* End PBXNativeTarget section */

/* Begin PBXProject section */
		FE580455244C1F320060047D /* Project object */ = {
			isa = PBXProject;
			attributes = {
				LastSwiftUpdateCheck = 1130;
				LastUpgradeCheck = 1130;
				ORGANIZATIONNAME = galina;
				TargetAttributes = {
					FE58045C244C1F320060047D = {
						CreatedOnToolsVersion = 11.3.1;
					};
					FE580472244C1F350060047D = {
						CreatedOnToolsVersion = 11.3.1;
						TestTargetID = FE58045C244C1F320060047D;
					};
					FE58047D244C1F350060047D = {
						CreatedOnToolsVersion = 11.3.1;
						TestTargetID = FE58045C244C1F320060047D;
					};
				};
			};
			buildConfigurationList = FE580458244C1F320060047D /* Build configuration list for PBXProject "Dictionary" */;
			compatibilityVersion = "Xcode 9.3";
			developmentRegion = en;
			hasScannedForEncodings = 0;
			knownRegions = (
				en,
				Base,
			);
			mainGroup = FE580454244C1F320060047D;
			productRefGroup = FE58045E244C1F320060047D /* Products */;
			projectDirPath = "";
			projectRoot = "";
			targets = (
				FE58045C244C1F320060047D /* Dictionary */,
				FE580472244C1F350060047D /* DictionaryTests */,
				FE58047D244C1F350060047D /* DictionaryUITests */,
			);
		};
/* End PBXProject section */

/* Begin PBXResourcesBuildPhase section */
		FE58045B244C1F320060047D /* Resources */ = {
			isa = PBXResourcesBuildPhase;
			buildActionMask = 2147483647;
			files = (
				FE58046D244C1F350060047D /* LaunchScreen.storyboard in Resources */,
				FE58046A244C1F350060047D /* Preview Assets.xcassets in Resources */,
				FE580467244C1F350060047D /* Assets.xcassets in Resources */,
			);
			runOnlyForDeploymentPostprocessing = 0;
		};
		FE580471244C1F350060047D /* Resources */ = {
			isa = PBXResourcesBuildPhase;
			buildActionMask = 2147483647;
			files = (
			);
			runOnlyForDeploymentPostprocessing = 0;
		};
		FE58047C244C1F350060047D /* Resources */ = {
			isa = PBXResourcesBuildPhase;
			buildActionMask = 2147483647;
			files = (
			);
			runOnlyForDeploymentPostprocessing = 0;
		};
/* End PBXResourcesBuildPhase section */

/* Begin PBXSourcesBuildPhase section */
		FE580459244C1F320060047D /* Sources */ = {
			isa = PBXSourcesBuildPhase;
			buildActionMask = 2147483647;
			files = (
				FE580461244C1F320060047D /* AppDelegate.swift in Sources */,
				FE580463244C1F320060047D /* SceneDelegate.swift in Sources */,
				FE580465244C1F320060047D /* ContentView.swift in Sources */,
			);
			runOnlyForDeploymentPostprocessing = 0;
		};
		FE58046F244C1F350060047D /* Sources */ = {
			isa = PBXSourcesBuildPhase;
			buildActionMask = 2147483647;
			files = (
				FE580478244C1F350060047D /* DictionaryTests.swift in Sources */,
			);
			runOnlyForDeploymentPostprocessing = 0;
		};
		FE58047A244C1F350060047D /* Sources */ = {
			isa = PBXSourcesBuildPhase;
			buildActionMask = 2147483647;
			files = (
				FE580483244C1F350060047D /* DictionaryUITests.swift in Sources */,
			);
			runOnlyForDeploymentPostprocessing = 0;
		};
/* End PBXSourcesBuildPhase section */

/* Begin PBXTargetDependency section */
		FE580475244C1F350060047D /* PBXTargetDependency */ = {
			isa = PBXTargetDependency;
			target = FE58045C244C1F320060047D /* Dictionary */;
			targetProxy = FE580474244C1F350060047D /* PBXContainerItemProxy */;
		};
		FE580480244C1F350060047D /* PBXTargetDependency */ = {
			isa = PBXTargetDependency;
			target = FE58045C244C1F320060047D /* Dictionary */;
			targetProxy = FE58047F244C1F350060047D /* PBXContainerItemProxy */;
		};
/* End PBXTargetDependency section */

/* Begin PBXVariantGroup section */
		FE58046B244C1F350060047D /* LaunchScreen.storyboard */ = {
			isa = PBXVariantGroup;
			children = (
				FE58046C244C1F350060047D /* Base */,
			);
			name = LaunchScreen.storyboard;
			sourceTree = "<group>";
		};
/* End PBXVariantGroup section */

/* Begin XCBuildConfiguration section */
		FE580485244C1F350060047D /* Debug */ = {
			isa = XCBuildConfiguration;
			buildSettings = {
				ALWAYS_SEARCH_USER_PATHS = NO;
				CLANG_ANALYZER_NONNULL = YES;
				CLANG_ANALYZER_NUMBER_OBJECT_CONVERSION = YES_AGGRESSIVE;
				CLANG_CXX_LANGUAGE_STANDARD = "gnu++14";
				CLANG_CXX_LIBRARY = "libc++";
				CLANG_ENABLE_MODULES = YES;
				CLANG_ENABLE_OBJC_ARC = YES;
				CLANG_ENABLE_OBJC_WEAK = YES;
				CLANG_WARN_BLOCK_CAPTURE_AUTORELEASING = YES;
				CLANG_WARN_BOOL_CONVERSION = YES;
				CLANG_WARN_COMMA = YES;
				CLANG_WARN_CONSTANT_CONVERSION = YES;
				CLANG_WARN_DEPRECATED_OBJC_IMPLEMENTATIONS = YES;
				CLANG_WARN_DIRECT_OBJC_ISA_USAGE = YES_ERROR;
				CLANG_WARN_DOCUMENTATION_COMMENTS = YES;
				CLANG_WARN_EMPTY_BODY = YES;
				CLANG_WARN_ENUM_CONVERSION = YES;
				CLANG_WARN_INFINITE_RECURSION = YES;
				CLANG_WARN_INT_CONVERSION = YES;
				CLANG_WARN_NON_LITERAL_NULL_CONVERSION = YES;
				CLANG_WARN_OBJC_IMPLICIT_RETAIN_SELF = YES;
				CLANG_WARN_OBJC_LITERAL_CONVERSION = YES;
				CLANG_WARN_OBJC_ROOT_CLASS = YES_ERROR;
				CLANG_WARN_RANGE_LOOP_ANALYSIS = YES;
				CLANG_WARN_STRICT_PROTOTYPES = YES;
				CLANG_WARN_SUSPICIOUS_MOVE = YES;
				CLANG_WARN_UNGUARDED_AVAILABILITY = YES_AGGRESSIVE;
				CLANG_WARN_UNREACHABLE_CODE = YES;
				CLANG_WARN__DUPLICATE_METHOD_MATCH = YES;
				COPY_PHASE_STRIP = NO;
				DEBUG_INFORMATION_FORMAT = dwarf;
				ENABLE_STRICT_OBJC_MSGSEND = YES;
				ENABLE_TESTABILITY = YES;
				GCC_C_LANGUAGE_STANDARD = gnu11;
				GCC_DYNAMIC_NO_PIC = NO;
				GCC_NO_COMMON_BLOCKS = YES;
				GCC_OPTIMIZATION_LEVEL = 0;
				GCC_PREPROCESSOR_DEFINITIONS = (
					"DEBUG=1",
					"$(inherited)",
				);
				GCC_WARN_64_TO_32_BIT_CONVERSION = YES;
				GCC_WARN_ABOUT_RETURN_TYPE = YES_ERROR;
				GCC_WARN_UNDECLARED_SELECTOR = YES;
				GCC_WARN_UNINITIALIZED_AUTOS = YES_AGGRESSIVE;
				GCC_WARN_UNUSED_FUNCTION = YES;
				GCC_WARN_UNUSED_VARIABLE = YES;
				IPHONEOS_DEPLOYMENT_TARGET = 13.2;
				MTL_ENABLE_DEBUG_INFO = INCLUDE_SOURCE;
				MTL_FAST_MATH = YES;
				ONLY_ACTIVE_ARCH = YES;
				SDKROOT = iphoneos;
				SWIFT_ACTIVE_COMPILATION_CONDITIONS = DEBUG;
				SWIFT_OPTIMIZATION_LEVEL = "-Onone";
			};
			name = Debug;
		};
		FE580486244C1F350060047D /* Release */ = {
			isa = XCBuildConfiguration;
			buildSettings = {
				ALWAYS_SEARCH_USER_PATHS = NO;
				CLANG_ANALYZER_NONNULL = YES;
				CLANG_ANALYZER_NUMBER_OBJECT_CONVERSION = YES_AGGRESSIVE;
				CLANG_CXX_LANGUAGE_STANDARD = "gnu++14";
				CLANG_CXX_LIBRARY = "libc++";
				CLANG_ENABLE_MODULES = YES;
				CLANG_ENABLE_OBJC_ARC = YES;
				CLANG_ENABLE_OBJC_WEAK = YES;
				CLANG_WARN_BLOCK_CAPTURE_AUTORELEASING = YES;
				CLANG_WARN_BOOL_CONVERSION = YES;
				CLANG_WARN_COMMA = YES;
				CLANG_WARN_CONSTANT_CONVERSION = YES;
				CLANG_WARN_DEPRECATED_OBJC_IMPLEMENTATIONS = YES;
				CLANG_WARN_DIRECT_OBJC_ISA_USAGE = YES_ERROR;
				CLANG_WARN_DOCUMENTATION_COMMENTS = YES;
				CLANG_WARN_EMPTY_BODY = YES;
				CLANG_WARN_ENUM_CONVERSION = YES;
				CLANG_WARN_INFINITE_RECURSION = YES;
				CLANG_WARN_INT_CONVERSION = YES;
				CLANG_WARN_NON_LITERAL_NULL_CONVERSION = YES;
				CLANG_WARN_OBJC_IMPLICIT_RETAIN_SELF = YES;
				CLANG_WARN_OBJC_LITERAL_CONVERSION = YES;
				CLANG_WARN_OBJC_ROOT_CLASS = YES_ERROR;
				CLANG_WARN_RANGE_LOOP_ANALYSIS = YES;
				CLANG_WARN_STRICT_PROTOTYPES = YES;
				CLANG_WARN_SUSPICIOUS_MOVE = YES;
				CLANG_WARN_UNGUARDED_AVAILABILITY = YES_AGGRESSIVE;
				CLANG_WARN_UNREACHABLE_CODE = YES;
				CLANG_WARN__DUPLICATE_METHOD_MATCH = YES;
				COPY_PHASE_STRIP = NO;
				DEBUG_INFORMATION_FORMAT = "dwarf-with-dsym";
				ENABLE_NS_ASSERTIONS = NO;
				ENABLE_STRICT_OBJC_MSGSEND = YES;
				GCC_C_LANGUAGE_STANDARD = gnu11;
				GCC_NO_COMMON_BLOCKS = YES;
				GCC_WARN_64_TO_32_BIT_CONVERSION = YES;
				GCC_WARN_ABOUT_RETURN_TYPE = YES_ERROR;
				GCC_WARN_UNDECLARED_SELECTOR = YES;
				GCC_WARN_UNINITIALIZED_AUTOS = YES_AGGRESSIVE;
				GCC_WARN_UNUSED_FUNCTION = YES;
				GCC_WARN_UNUSED_VARIABLE = YES;
				IPHONEOS_DEPLOYMENT_TARGET = 13.2;
				MTL_ENABLE_DEBUG_INFO = NO;
				MTL_FAST_MATH = YES;
				SDKROOT = iphoneos;
				SWIFT_COMPILATION_MODE = wholemodule;
				SWIFT_OPTIMIZATION_LEVEL = "-O";
				VALIDATE_PRODUCT = YES;
			};
			name = Release;
		};
		FE580488244C1F350060047D /* Debug */ = {
			isa = XCBuildConfiguration;
			buildSettings = {
				ASSETCATALOG_COMPILER_APPICON_NAME = AppIcon;
				CODE_SIGN_STYLE = Automatic;
				DEVELOPMENT_ASSET_PATHS = "\"Dictionary/Preview Content\"";
				ENABLE_PREVIEWS = YES;
				INFOPLIST_FILE = Dictionary/Info.plist;
				LD_RUNPATH_SEARCH_PATHS = (
					"$(inherited)",
					"@executable_path/Frameworks",
				);
				PRODUCT_BUNDLE_IDENTIFIER = GitTrain.Dictionary;
				PRODUCT_NAME = "$(TARGET_NAME)";
				SWIFT_VERSION = 5.0;
				TARGETED_DEVICE_FAMILY = "1,2";
			};
			name = Debug;
		};
		FE580489244C1F350060047D /* Release */ = {
			isa = XCBuildConfiguration;
			buildSettings = {
				ASSETCATALOG_COMPILER_APPICON_NAME = AppIcon;
				CODE_SIGN_STYLE = Automatic;
				DEVELOPMENT_ASSET_PATHS = "\"Dictionary/Preview Content\"";
				ENABLE_PREVIEWS = YES;
				INFOPLIST_FILE = Dictionary/Info.plist;
				LD_RUNPATH_SEARCH_PATHS = (
					"$(inherited)",
					"@executable_path/Frameworks",
				);
				PRODUCT_BUNDLE_IDENTIFIER = GitTrain.Dictionary;
				PRODUCT_NAME = "$(TARGET_NAME)";
				SWIFT_VERSION = 5.0;
				TARGETED_DEVICE_FAMILY = "1,2";
			};
			name = Release;
		};
		FE58048B244C1F350060047D /* Debug */ = {
			isa = XCBuildConfiguration;
			buildSettings = {
				ALWAYS_EMBED_SWIFT_STANDARD_LIBRARIES = YES;
				BUNDLE_LOADER = "$(TEST_HOST)";
				CODE_SIGN_STYLE = Automatic;
				INFOPLIST_FILE = DictionaryTests/Info.plist;
				IPHONEOS_DEPLOYMENT_TARGET = 13.2;
				LD_RUNPATH_SEARCH_PATHS = (
					"$(inherited)",
					"@executable_path/Frameworks",
					"@loader_path/Frameworks",
				);
				PRODUCT_BUNDLE_IDENTIFIER = GitTrain.DictionaryTests;
				PRODUCT_NAME = "$(TARGET_NAME)";
				SWIFT_VERSION = 5.0;
				TARGETED_DEVICE_FAMILY = "1,2";
				TEST_HOST = "$(BUILT_PRODUCTS_DIR)/Dictionary.app/Dictionary";
			};
			name = Debug;
		};
		FE58048C244C1F350060047D /* Release */ = {
			isa = XCBuildConfiguration;
			buildSettings = {
				ALWAYS_EMBED_SWIFT_STANDARD_LIBRARIES = YES;
				BUNDLE_LOADER = "$(TEST_HOST)";
				CODE_SIGN_STYLE = Automatic;
				INFOPLIST_FILE = DictionaryTests/Info.plist;
				IPHONEOS_DEPLOYMENT_TARGET = 13.2;
				LD_RUNPATH_SEARCH_PATHS = (
					"$(inherited)",
					"@executable_path/Frameworks",
					"@loader_path/Frameworks",
				);
				PRODUCT_BUNDLE_IDENTIFIER = GitTrain.DictionaryTests;
				PRODUCT_NAME = "$(TARGET_NAME)";
				SWIFT_VERSION = 5.0;
				TARGETED_DEVICE_FAMILY = "1,2";
				TEST_HOST = "$(BUILT_PRODUCTS_DIR)/Dictionary.app/Dictionary";
			};
			name = Release;
		};
		FE58048E244C1F350060047D /* Debug */ = {
			isa = XCBuildConfiguration;
			buildSettings = {
				ALWAYS_EMBED_SWIFT_STANDARD_LIBRARIES = YES;
				CODE_SIGN_STYLE = Automatic;
				INFOPLIST_FILE = DictionaryUITests/Info.plist;
				LD_RUNPATH_SEARCH_PATHS = (
					"$(inherited)",
					"@executable_path/Frameworks",
					"@loader_path/Frameworks",
				);
				PRODUCT_BUNDLE_IDENTIFIER = GitTrain.DictionaryUITests;
				PRODUCT_NAME = "$(TARGET_NAME)";
				SWIFT_VERSION = 5.0;
				TARGETED_DEVICE_FAMILY = "1,2";
				TEST_TARGET_NAME = Dictionary;
			};
			name = Debug;
		};
		FE58048F244C1F350060047D /* Release */ = {
			isa = XCBuildConfiguration;
			buildSettings = {
				ALWAYS_EMBED_SWIFT_STANDARD_LIBRARIES = YES;
				CODE_SIGN_STYLE = Automatic;
				INFOPLIST_FILE = DictionaryUITests/Info.plist;
				LD_RUNPATH_SEARCH_PATHS = (
					"$(inherited)",
					"@executable_path/Frameworks",
					"@loader_path/Frameworks",
				);
				PRODUCT_BUNDLE_IDENTIFIER = GitTrain.DictionaryUITests;
				PRODUCT_NAME = "$(TARGET_NAME)";
				SWIFT_VERSION = 5.0;
				TARGETED_DEVICE_FAMILY = "1,2";
				TEST_TARGET_NAME = Dictionary;
			};
			name = Release;
		};
/* End XCBuildConfiguration section */

/* Begin XCConfigurationList section */
		FE580458244C1F320060047D /* Build configuration list for PBXProject "Dictionary" */ = {
			isa = XCConfigurationList;
			buildConfigurations = (
				FE580485244C1F350060047D /* Debug */,
				FE580486244C1F350060047D /* Release */,
			);
			defaultConfigurationIsVisible = 0;
			defaultConfigurationName = Release;
		};
		FE580487244C1F350060047D /* Build configuration list for PBXNativeTarget "Dictionary" */ = {
			isa = XCConfigurationList;
			buildConfigurations = (
				FE580488244C1F350060047D /* Debug */,
				FE580489244C1F350060047D /* Release */,
			);
			defaultConfigurationIsVisible = 0;
			defaultConfigurationName = Release;
		};
		FE58048A244C1F350060047D /* Build configuration list for PBXNativeTarget "DictionaryTests" */ = {
			isa = XCConfigurationList;
			buildConfigurations = (
				FE58048B244C1F350060047D /* Debug */,
				FE58048C244C1F350060047D /* Release */,
			);
			defaultConfigurationIsVisible = 0;
			defaultConfigurationName = Release;
		};
		FE58048D244C1F350060047D /* Build configuration list for PBXNativeTarget "DictionaryUITests" */ = {
			isa = XCConfigurationList;
			buildConfigurations = (
				FE58048E244C1F350060047D /* Debug */,
				FE58048F244C1F350060047D /* Release */,
			);
			defaultConfigurationIsVisible = 0;
			defaultConfigurationName = Release;
		};
/* End XCConfigurationList section */
	};
	rootObject = FE580455244C1F320060047D /* Project object */;
}
